
Microsoft Visual Studio Solution File, Format Version 12.00
# Visual Studio 15
VisualStudioVersion = 15.0.28307.438
MinimumVisualStudioVersion = 10.0.40219.1
Project("{FAE04EC0-301F-11D3-BF4B-00C04F79EFBC}") = "UnlockShell", "UnlockShell\UnlockShell.csproj", "{58103527-3F3D-4127-83B7-50D7BE8C259B}"
EndProject
Global
	GlobalSection(SolutionConfigurationPlatforms) = preSolution
		Debug|Any CPU = Debug|Any CPU
		Release|Any CPU = Release|Any CPU
	EndGlobalSection
	GlobalSection(ProjectConfigurationPlatforms) = postSolution
		{58103527-3F3D-4127-83B7-50D7BE8C259B}.Debug|Any CPU.ActiveCfg = Debug|Any CPU
		{58103527-3F3D-4127-83B7-50D7BE8C259B}.Debug|Any CPU.Build.0 = Debug|Any CPU
		{58103527-3F3D-4127-83B7-50D7BE8C259B}.Release|Any CPU.ActiveCfg = Release|Any CPU
		{58103527-3F3D-4127-83B7-50D7BE8C259B}.Release|Any CPU.Build.0 = Release|Any CPU
	EndGlobalSection
	GlobalSection(SolutionProperties) = preSolution
		HideSolutionNode = FALSE
	EndGlobalSection
	GlobalSection(ExtensibilityGlobals) = postSolution
		SolutionGuid = {F9ACE68E-C136-445C-93FD-AAB3E0578215}
	EndGlobalSection
EndGlobal
